// !$*UTF8*$!
{
	archiveVersion = 1;
	classes = {
	};
	objectVersion = 50;
	objects = {

/* Begin PBXBuildFile section */
		82EE270525CF58B800515155 /* AppDelegate.swift in Sources */ = {isa = PBXBuildFile; fileRef = 82EE270425CF58B800515155 /* AppDelegate.swift */; };
		82EE270725CF58B800515155 /* SceneDelegate.swift in Sources */ = {isa = PBXBuildFile; fileRef = 82EE270625CF58B800515155 /* SceneDelegate.swift */; };
		82EE270925CF58B800515155 /* ViewController.swift in Sources */ = {isa = PBXBuildFile; fileRef = 82EE270825CF58B800515155 /* ViewController.swift */; };
		82EE270C25CF58B800515155 /* Main.storyboard in Resources */ = {isa = PBXBuildFile; fileRef = 82EE270A25CF58B800515155 /* Main.storyboard */; };
		82EE270E25CF58B800515155 /* Assets.xcassets in Resources */ = {isa = PBXBuildFile; fileRef = 82EE270D25CF58B800515155 /* Assets.xcassets */; };
		82EE271125CF58B800515155 /* LaunchScreen.storyboard in Resources */ = {isa = PBXBuildFile; fileRef = 82EE270F25CF58B800515155 /* LaunchScreen.storyboard */; };
		82EE271C25CF58B800515155 /* tipCalculatorTests.swift in Sources */ = {isa = PBXBuildFile; fileRef = 82EE271B25CF58B800515155 /* tipCalculatorTests.swift */; };
		82EE272725CF58B800515155 /* tipCalculatorUITests.swift in Sources */ = {isa = PBXBuildFile; fileRef = 82EE272625CF58B800515155 /* tipCalculatorUITests.swift */; };
		82EE273825CF7BC200515155 /* SettingsViewController.swift in Sources */ = {isa = PBXBuildFile; fileRef = 82EE273725CF7BC200515155 /* SettingsViewController.swift */; };
/* End PBXBuildFile section */

/* Begin PBXContainerItemProxy section */
		82EE271825CF58B800515155 /* PBXContainerItemProxy */ = {
			isa = PBXContainerItemProxy;
			containerPortal = 82EE26F925CF58B800515155 /* Project object */;
			proxyType = 1;
			remoteGlobalIDString = 82EE270025CF58B800515155;
			remoteInfo = tipCalculator;
		};
		82EE272325CF58B800515155 /* PBXContainerItemProxy */ = {
			isa = PBXContainerItemProxy;
			containerPortal = 82EE26F925CF58B800515155 /* Project object */;
			proxyType = 1;
			remoteGlobalIDString = 82EE270025CF58B800515155;
			remoteInfo = tipCalculator;
		};
/* End PBXContainerItemProxy section */

/* Begin PBXFileReference section */
		82EE270125CF58B800515155 /* tipCalculator.app */ = {isa = PBXFileReference; explicitFileType = wrapper.application; includeInIndex = 0; path = tipCalculator.app; sourceTree = BUILT_PRODUCTS_DIR; };
		82EE270425CF58B800515155 /* AppDelegate.swift */ = {isa = PBXFileReference; lastKnownFileType = sourcecode.swift; path = AppDelegate.swift; sourceTree = "<group>"; };
		82EE270625CF58B800515155 /* SceneDelegate.swift */ = {isa = PBXFileReference; lastKnownFileType = sourcecode.swift; path = SceneDelegate.swift; sourceTree = "<group>"; };
		82EE270825CF58B800515155 /* ViewController.swift */ = {isa = PBXFileReference; lastKnownFileType = sourcecode.swift; path = ViewController.swift; sourceTree = "<group>"; };
		82EE270B25CF58B800515155 /* Base */ = {isa = PBXFileReference; lastKnownFileType = file.storyboard; name = Base; path = Base.lproj/Main.storyboard; sourceTree = "<group>"; };
		82EE270D25CF58B800515155 /* Assets.xcassets */ = {isa = PBXFileReference; lastKnownFileType = folder.assetcatalog; path = Assets.xcassets; sourceTree = "<group>"; };
		82EE271025CF58B800515155 /* Base */ = {isa = PBXFileReference; lastKnownFileType = file.storyboard; name = Base; path = Base.lproj/LaunchScreen.storyboard; sourceTree = "<group>"; };
		82EE271225CF58B800515155 /* Info.plist */ = {isa = PBXFileReference; lastKnownFileType = text.plist.xml; path = Info.plist; sourceTree = "<group>"; };
		82EE271725CF58B800515155 /* tipCalculatorTests.xctest */ = {isa = PBXFileReference; explicitFileType = wrapper.cfbundle; includeInIndex = 0; path = tipCalculatorTests.xctest; sourceTree = BUILT_PRODUCTS_DIR; };
		82EE271B25CF58B800515155 /* tipCalculatorTests.swift */ = {isa = PBXFileReference; lastKnownFileType = sourcecode.swift; path = tipCalculatorTests.swift; sourceTree = "<group>"; };
		82EE271D25CF58B800515155 /* Info.plist */ = {isa = PBXFileReference; lastKnownFileType = text.plist.xml; path = Info.plist; sourceTree = "<group>"; };
		82EE272225CF58B800515155 /* tipCalculatorUITests.xctest */ = {isa = PBXFileReference; explicitFileType = wrapper.cfbundle; includeInIndex = 0; path = tipCalculatorUITests.xctest; sourceTree = BUILT_PRODUCTS_DIR; };
		82EE272625CF58B800515155 /* tipCalculatorUITests.swift */ = {isa = PBXFileReference; lastKnownFileType = sourcecode.swift; path = tipCalculatorUITests.swift; sourceTree = "<group>"; };
		82EE272825CF58B800515155 /* Info.plist */ = {isa = PBXFileReference; lastKnownFileType = text.plist.xml; path = Info.plist; sourceTree = "<group>"; };
		82EE273725CF7BC200515155 /* SettingsViewController.swift */ = {isa = PBXFileReference; lastKnownFileType = sourcecode.swift; path = SettingsViewController.swift; sourceTree = "<group>"; };
/* End PBXFileReference section */

/* Begin PBXFrameworksBuildPhase section */
		82EE26FE25CF58B800515155 /* Frameworks */ = {
			isa = PBXFrameworksBuildPhase;
			buildActionMask = 2147483647;
			files = (
			);
			runOnlyForDeploymentPostprocessing = 0;
		};
		82EE271425CF58B800515155 /* Frameworks */ = {
			isa = PBXFrameworksBuildPhase;
			buildActionMask = 2147483647;
			files = (
			);
			runOnlyForDeploymentPostprocessing = 0;
		};
		82EE271F25CF58B800515155 /* Frameworks */ = {
			isa = PBXFrameworksBuildPhase;
			buildActionMask = 2147483647;
			files = (
			);
			runOnlyForDeploymentPostprocessing = 0;
		};
/* End PBXFrameworksBuildPhase section */

/* Begin PBXGroup section */
		82EE26F825CF58B800515155 = {
			isa = PBXGroup;
			children = (
				82EE270325CF58B800515155 /* tipCalculator */,
				82EE271A25CF58B800515155 /* tipCalculatorTests */,
				82EE272525CF58B800515155 /* tipCalculatorUITests */,
				82EE270225CF58B800515155 /* Products */,
			);
			sourceTree = "<group>";
		};
		82EE270225CF58B800515155 /* Products */ = {
			isa = PBXGroup;
			children = (
				82EE270125CF58B800515155 /* tipCalculator.app */,
				82EE271725CF58B800515155 /* tipCalculatorTests.xctest */,
				82EE272225CF58B800515155 /* tipCalculatorUITests.xctest */,
			);
			name = Products;
			sourceTree = "<group>";
		};
		82EE270325CF58B800515155 /* tipCalculator */ = {
			isa = PBXGroup;
			children = (
				82EE270425CF58B800515155 /* AppDelegate.swift */,
				82EE270625CF58B800515155 /* SceneDelegate.swift */,
				82EE270825CF58B800515155 /* ViewController.swift */,
				82EE270A25CF58B800515155 /* Main.storyboard */,
				82EE273725CF7BC200515155 /* SettingsViewController.swift */,
				82EE270D25CF58B800515155 /* Assets.xcassets */,
				82EE270F25CF58B800515155 /* LaunchScreen.storyboard */,
				82EE271225CF58B800515155 /* Info.plist */,
			);
			path = tipCalculator;
			sourceTree = "<group>";
		};
		82EE271A25CF58B800515155 /* tipCalculatorTests */ = {
			isa = PBXGroup;
			children = (
				82EE271B25CF58B800515155 /* tipCalculatorTests.swift */,
				82EE271D25CF58B800515155 /* Info.plist */,
			);
			path = tipCalculatorTests;
			sourceTree = "<group>";
		};
		82EE272525CF58B800515155 /* tipCalculatorUITests */ = {
			isa = PBXGroup;
			children = (
				82EE272625CF58B800515155 /* tipCalculatorUITests.swift */,
				82EE272825CF58B800515155 /* Info.plist */,
			);
			path = tipCalculatorUITests;
			sourceTree = "<group>";
		};
/* End PBXGroup section */

/* Begin PBXNativeTarget section */
		82EE270025CF58B800515155 /* tipCalculator */ = {
			isa = PBXNativeTarget;
			buildConfigurationList = 82EE272B25CF58B800515155 /* Build configuration list for PBXNativeTarget "tipCalculator" */;
			buildPhases = (
				82EE26FD25CF58B800515155 /* Sources */,
				82EE26FE25CF58B800515155 /* Frameworks */,
				82EE26FF25CF58B800515155 /* Resources */,
			);
			buildRules = (
			);
			dependencies = (
			);
			name = tipCalculator;
			productName = tipCalculator;
			productReference = 82EE270125CF58B800515155 /* tipCalculator.app */;
			productType = "com.apple.product-type.application";
		};
		82EE271625CF58B800515155 /* tipCalculatorTests */ = {
			isa = PBXNativeTarget;
			buildConfigurationList = 82EE272E25CF58B800515155 /* Build configuration list for PBXNativeTarget "tipCalculatorTests" */;
			buildPhases = (
				82EE271325CF58B800515155 /* Sources */,
				82EE271425CF58B800515155 /* Frameworks */,
				82EE271525CF58B800515155 /* Resources */,
			);
			buildRules = (
			);
			dependencies = (
				82EE271925CF58B800515155 /* PBXTargetDependency */,
			);
			name = tipCalculatorTests;
			productName = tipCalculatorTests;
			productReference = 82EE271725CF58B800515155 /* tipCalculatorTests.xctest */;
			productType = "com.apple.product-type.bundle.unit-test";
		};
		82EE272125CF58B800515155 /* tipCalculatorUITests */ = {
			isa = PBXNativeTarget;
			buildConfigurationList = 82EE273125CF58B800515155 /* Build configuration list for PBXNativeTarget "tipCalculatorUITests" */;
			buildPhases = (
				82EE271E25CF58B800515155 /* Sources */,
				82EE271F25CF58B800515155 /* Frameworks */,
				82EE272025CF58B800515155 /* Resources */,
			);
			buildRules = (
			);
			dependencies = (
				82EE272425CF58B800515155 /* PBXTargetDependency */,
			);
			name = tipCalculatorUITests;
			productName = tipCalculatorUITests;
			productReference = 82EE272225CF58B800515155 /* tipCalculatorUITests.xctest */;
			productType = "com.apple.product-type.bundle.ui-testing";
		};
/* End PBXNativeTarget section */

/* Begin PBXProject section */
		82EE26F925CF58B800515155 /* Project object */ = {
			isa = PBXProject;
			attributes = {
				LastSwiftUpdateCheck = 1240;
				LastUpgradeCheck = 1240;
				TargetAttributes = {
					82EE270025CF58B800515155 = {
						CreatedOnToolsVersion = 12.4;
					};
					82EE271625CF58B800515155 = {
						CreatedOnToolsVersion = 12.4;
						TestTargetID = 82EE270025CF58B800515155;
					};
					82EE272125CF58B800515155 = {
						CreatedOnToolsVersion = 12.4;
						TestTargetID = 82EE270025CF58B800515155;
					};
				};
			};
			buildConfigurationList = 82EE26FC25CF58B800515155 /* Build configuration list for PBXProject "tipCalculator" */;
			compatibilityVersion = "Xcode 9.3";
			developmentRegion = en;
			hasScannedForEncodings = 0;
			knownRegions = (
				en,
				Base,
			);
			mainGroup = 82EE26F825CF58B800515155;
			productRefGroup = 82EE270225CF58B800515155 /* Products */;
			projectDirPath = "";
			projectRoot = "";
			targets = (
				82EE270025CF58B800515155 /* tipCalculator */,
				82EE271625CF58B800515155 /* tipCalculatorTests */,
				82EE272125CF58B800515155 /* tipCalculatorUITests */,
			);
		};
/* End PBXProject section */

/* Begin PBXResourcesBuildPhase section */
		82EE26FF25CF58B800515155 /* Resources */ = {
			isa = PBXResourcesBuildPhase;
			buildActionMask = 2147483647;
			files = (
				82EE271125CF58B800515155 /* LaunchScreen.storyboard in Resources */,
				82EE270E25CF58B800515155 /* Assets.xcassets in Resources */,
				82EE270C25CF58B800515155 /* Main.storyboard in Resources */,
			);
			runOnlyForDeploymentPostprocessing = 0;
		};
		82EE271525CF58B800515155 /* Resources */ = {
			isa = PBXResourcesBuildPhase;
			buildActionMask = 2147483647;
			files = (
			);
			runOnlyForDeploymentPostprocessing = 0;
		};
		82EE272025CF58B800515155 /* Resources */ = {
			isa = PBXResourcesBuildPhase;
			buildActionMask = 2147483647;
			files = (
			);
			runOnlyForDeploymentPostprocessing = 0;
		};
/* End PBXResourcesBuildPhase section */

/* Begin PBXSourcesBuildPhase section */
		82EE26FD25CF58B800515155 /* Sources */ = {
			isa = PBXSourcesBuildPhase;
			buildActionMask = 2147483647;
			files = (
				82EE270925CF58B800515155 /* ViewController.swift in Sources */,
				82EE270525CF58B800515155 /* AppDelegate.swift in Sources */,
				82EE270725CF58B800515155 /* SceneDelegate.swift in Sources */,
				82EE273825CF7BC200515155 /* SettingsViewController.swift in Sources */,
			);
			runOnlyForDeploymentPostprocessing = 0;
		};
		82EE271325CF58B800515155 /* Sources */ = {
			isa = PBXSourcesBuildPhase;
			buildActionMask = 2147483647;
			files = (
				82EE271C25CF58B800515155 /* tipCalculatorTests.swift in Sources */,
			);
			runOnlyForDeploymentPostprocessing = 0;
		};
		82EE271E25CF58B800515155 /* Sources */ = {
			isa = PBXSourcesBuildPhase;
			buildActionMask = 2147483647;
			files = (
				82EE272725CF58B800515155 /* tipCalculatorUITests.swift in Sources */,
			);
			runOnlyForDeploymentPostprocessing = 0;
		};
/* End PBXSourcesBuildPhase section */

/* Begin PBXTargetDependency section */
		82EE271925CF58B800515155 /* PBXTargetDependency */ = {
			isa = PBXTargetDependency;
			target = 82EE270025CF58B800515155 /* tipCalculator */;
			targetProxy = 82EE271825CF58B800515155 /* PBXContainerItemProxy */;
		};
		82EE272425CF58B800515155 /* PBXTargetDependency */ = {
			isa = PBXTargetDependency;
			target = 82EE270025CF58B800515155 /* tipCalculator */;
			targetProxy = 82EE272325CF58B800515155 /* PBXContainerItemProxy */;
		};
/* End PBXTargetDependency section */

/* Begin PBXVariantGroup section */
		82EE270A25CF58B800515155 /* Main.storyboard */ = {
			isa = PBXVariantGroup;
			children = (
				82EE270B25CF58B800515155 /* Base */,
			);
			name = Main.storyboard;
			sourceTree = "<group>";
		};
		82EE270F25CF58B800515155 /* LaunchScreen.storyboard */ = {
			isa = PBXVariantGroup;
			children = (
				82EE271025CF58B800515155 /* Base */,
			);
			name = LaunchScreen.storyboard;
			sourceTree = "<group>";
		};
/* End PBXVariantGroup section */

/* Begin XCBuildConfiguration section */
		82EE272925CF58B800515155 /* Debug */ = {
			isa = XCBuildConfiguration;
			buildSettings = {
				ALWAYS_SEARCH_USER_PATHS = NO;
				CLANG_ANALYZER_NONNULL = YES;
				CLANG_ANALYZER_NUMBER_OBJECT_CONVERSION = YES_AGGRESSIVE;
				CLANG_CXX_LANGUAGE_STANDARD = "gnu++14";
				CLANG_CXX_LIBRARY = "libc++";
				CLANG_ENABLE_MODULES = YES;
				CLANG_ENABLE_OBJC_ARC = YES;
				CLANG_ENABLE_OBJC_WEAK = YES;
				CLANG_WARN_BLOCK_CAPTURE_AUTORELEASING = YES;
				CLANG_WARN_BOOL_CONVERSION = YES;
				CLANG_WARN_COMMA = YES;
				CLANG_WARN_CONSTANT_CONVERSION = YES;
				CLANG_WARN_DEPRECATED_OBJC_IMPLEMENTATIONS = YES;
				CLANG_WARN_DIRECT_OBJC_ISA_USAGE = YES_ERROR;
				CLANG_WARN_DOCUMENTATION_COMMENTS = YES;
				CLANG_WARN_EMPTY_BODY = YES;
				CLANG_WARN_ENUM_CONVERSION = YES;
				CLANG_WARN_INFINITE_RECURSION = YES;
				CLANG_WARN_INT_CONVERSION = YES;
				CLANG_WARN_NON_LITERAL_NULL_CONVERSION = YES;
				CLANG_WARN_OBJC_IMPLICIT_RETAIN_SELF = YES;
				CLANG_WARN_OBJC_LITERAL_CONVERSION = YES;
				CLANG_WARN_OBJC_ROOT_CLASS = YES_ERROR;
				CLANG_WARN_QUOTED_INCLUDE_IN_FRAMEWORK_HEADER = YES;
				CLANG_WARN_RANGE_LOOP_ANALYSIS = YES;
				CLANG_WARN_STRICT_PROTOTYPES = YES;
				CLANG_WARN_SUSPICIOUS_MOVE = YES;
				CLANG_WARN_UNGUARDED_AVAILABILITY = YES_AGGRESSIVE;
				CLANG_WARN_UNREACHABLE_CODE = YES;
				CLANG_WARN__DUPLICATE_METHOD_MATCH = YES;
				COPY_PHASE_STRIP = NO;
				DEBUG_INFORMATION_FORMAT = dwarf;
				ENABLE_STRICT_OBJC_MSGSEND = YES;
				ENABLE_TESTABILITY = YES;
				GCC_C_LANGUAGE_STANDARD = gnu11;
				GCC_DYNAMIC_NO_PIC = NO;
				GCC_NO_COMMON_BLOCKS = YES;
				GCC_OPTIMIZATION_LEVEL = 0;
				GCC_PREPROCESSOR_DEFINITIONS = (
					"DEBUG=1",
					"$(inherited)",
				);
				GCC_WARN_64_TO_32_BIT_CONVERSION = YES;
				GCC_WARN_ABOUT_RETURN_TYPE = YES_ERROR;
				GCC_WARN_UNDECLARED_SELECTOR = YES;
				GCC_WARN_UNINITIALIZED_AUTOS = YES_AGGRESSIVE;
				GCC_WARN_UNUSED_FUNCTION = YES;
				GCC_WARN_UNUSED_VARIABLE = YES;
				IPHONEOS_DEPLOYMENT_TARGET = 14.4;
				MTL_ENABLE_DEBUG_INFO = INCLUDE_SOURCE;
				MTL_FAST_MATH = YES;
				ONLY_ACTIVE_ARCH = YES;
				SDKROOT = iphoneos;
				SWIFT_ACTIVE_COMPILATION_CONDITIONS = DEBUG;
				SWIFT_OPTIMIZATION_LEVEL = "-Onone";
			};
			name = Debug;
		};
		82EE272A25CF58B800515155 /* Release */ = {
			isa = XCBuildConfiguration;
			buildSettings = {
				ALWAYS_SEARCH_USER_PATHS = NO;
				CLANG_ANALYZER_NONNULL = YES;
				CLANG_ANALYZER_NUMBER_OBJECT_CONVERSION = YES_AGGRESSIVE;
				CLANG_CXX_LANGUAGE_STANDARD = "gnu++14";
				CLANG_CXX_LIBRARY = "libc++";
				CLANG_ENABLE_MODULES = YES;
				CLANG_ENABLE_OBJC_ARC = YES;
				CLANG_ENABLE_OBJC_WEAK = YES;
				CLANG_WARN_BLOCK_CAPTURE_AUTORELEASING = YES;
				CLANG_WARN_BOOL_CONVERSION = YES;
				CLANG_WARN_COMMA = YES;
				CLANG_WARN_CONSTANT_CONVERSION = YES;
				CLANG_WARN_DEPRECATED_OBJC_IMPLEMENTATIONS = YES;
				CLANG_WARN_DIRECT_OBJC_ISA_USAGE = YES_ERROR;
				CLANG_WARN_DOCUMENTATION_COMMENTS = YES;
				CLANG_WARN_EMPTY_BODY = YES;
				CLANG_WARN_ENUM_CONVERSION = YES;
				CLANG_WARN_INFINITE_RECURSION = YES;
				CLANG_WARN_INT_CONVERSION = YES;
				CLANG_WARN_NON_LITERAL_NULL_CONVERSION = YES;
				CLANG_WARN_OBJC_IMPLICIT_RETAIN_SELF = YES;
				CLANG_WARN_OBJC_LITERAL_CONVERSION = YES;
				CLANG_WARN_OBJC_ROOT_CLASS = YES_ERROR;
				CLANG_WARN_QUOTED_INCLUDE_IN_FRAMEWORK_HEADER = YES;
				CLANG_WARN_RANGE_LOOP_ANALYSIS = YES;
				CLANG_WARN_STRICT_PROTOTYPES = YES;
				CLANG_WARN_SUSPICIOUS_MOVE = YES;
				CLANG_WARN_UNGUARDED_AVAILABILITY = YES_AGGRESSIVE;
				CLANG_WARN_UNREACHABLE_CODE = YES;
				CLANG_WARN__DUPLICATE_METHOD_MATCH = YES;
				COPY_PHASE_STRIP = NO;
				DEBUG_INFORMATION_FORMAT = "dwarf-with-dsym";
				ENABLE_NS_ASSERTIONS = NO;
				ENABLE_STRICT_OBJC_MSGSEND = YES;
				GCC_C_LANGUAGE_STANDARD = gnu11;
				GCC_NO_COMMON_BLOCKS = YES;
				GCC_WARN_64_TO_32_BIT_CONVERSION = YES;
				GCC_WARN_ABOUT_RETURN_TYPE = YES_ERROR;
				GCC_WARN_UNDECLARED_SELECTOR = YES;
				GCC_WARN_UNINITIALIZED_AUTOS = YES_AGGRESSIVE;
				GCC_WARN_UNUSED_FUNCTION = YES;
				GCC_WARN_UNUSED_VARIABLE = YES;
				IPHONEOS_DEPLOYMENT_TARGET = 14.4;
				MTL_ENABLE_DEBUG_INFO = NO;
				MTL_FAST_MATH = YES;
				SDKROOT = iphoneos;
				SWIFT_COMPILATION_MODE = wholemodule;
				SWIFT_OPTIMIZATION_LEVEL = "-O";
				VALIDATE_PRODUCT = YES;
			};
			name = Release;
		};
		82EE272C25CF58B800515155 /* Debug */ = {
			isa = XCBuildConfiguration;
			buildSettings = {
				ASSETCATALOG_COMPILER_APPICON_NAME = AppIcon;
				ASSETCATALOG_COMPILER_GLOBAL_ACCENT_COLOR_NAME = AccentColor;
				CODE_SIGN_STYLE = Automatic;
				INFOPLIST_FILE = tipCalculator/Info.plist;
				LD_RUNPATH_SEARCH_PATHS = (
					"$(inherited)",
					"@executable_path/Frameworks",
				);
				PRODUCT_BUNDLE_IDENTIFIER = memo.com.tipCalculator;
				PRODUCT_NAME = "$(TARGET_NAME)";
				SWIFT_VERSION = 5.0;
				TARGETED_DEVICE_FAMILY = "1,2";
			};
			name = Debug;
		};
		82EE272D25CF58B800515155 /* Release */ = {
			isa = XCBuildConfiguration;
			buildSettings = {
				ASSETCATALOG_COMPILER_APPICON_NAME = AppIcon;
				ASSETCATALOG_COMPILER_GLOBAL_ACCENT_COLOR_NAME = AccentColor;
				CODE_SIGN_STYLE = Automatic;
				INFOPLIST_FILE = tipCalculator/Info.plist;
				LD_RUNPATH_SEARCH_PATHS = (
					"$(inherited)",
					"@executable_path/Frameworks",
				);
				PRODUCT_BUNDLE_IDENTIFIER = memo.com.tipCalculator;
				PRODUCT_NAME = "$(TARGET_NAME)";
				SWIFT_VERSION = 5.0;
				TARGETED_DEVICE_FAMILY = "1,2";
			};
			name = Release;
		};
		82EE272F25CF58B800515155 /* Debug */ = {
			isa = XCBuildConfiguration;
			buildSettings = {
				ALWAYS_EMBED_SWIFT_STANDARD_LIBRARIES = YES;
				BUNDLE_LOADER = "$(TEST_HOST)";
				CODE_SIGN_STYLE = Automatic;
				INFOPLIST_FILE = tipCalculatorTests/Info.plist;
				IPHONEOS_DEPLOYMENT_TARGET = 14.4;
				LD_RUNPATH_SEARCH_PATHS = (
					"$(inherited)",
					"@executable_path/Frameworks",
					"@loader_path/Frameworks",
				);
				PRODUCT_BUNDLE_IDENTIFIER = memo.com.tipCalculatorTests;
				PRODUCT_NAME = "$(TARGET_NAME)";
				SWIFT_VERSION = 5.0;
				TARGETED_DEVICE_FAMILY = "1,2";
				TEST_HOST = "$(BUILT_PRODUCTS_DIR)/tipCalculator.app/tipCalculator";
			};
			name = Debug;
		};
		82EE273025CF58B800515155 /* Release */ = {
			isa = XCBuildConfiguration;
			buildSettings = {
				ALWAYS_EMBED_SWIFT_STANDARD_LIBRARIES = YES;
				BUNDLE_LOADER = "$(TEST_HOST)";
				CODE_SIGN_STYLE = Automatic;
				INFOPLIST_FILE = tipCalculatorTests/Info.plist;
				IPHONEOS_DEPLOYMENT_TARGET = 14.4;
				LD_RUNPATH_SEARCH_PATHS = (
					"$(inherited)",
					"@executable_path/Frameworks",
					"@loader_path/Frameworks",
				);
				PRODUCT_BUNDLE_IDENTIFIER = memo.com.tipCalculatorTests;
				PRODUCT_NAME = "$(TARGET_NAME)";
				SWIFT_VERSION = 5.0;
				TARGETED_DEVICE_FAMILY = "1,2";
				TEST_HOST = "$(BUILT_PRODUCTS_DIR)/tipCalculator.app/tipCalculator";
			};
			name = Release;
		};
		82EE273225CF58B800515155 /* Debug */ = {
			isa = XCBuildConfiguration;
			buildSettings = {
				ALWAYS_EMBED_SWIFT_STANDARD_LIBRARIES = YES;
				CODE_SIGN_STYLE = Automatic;
				INFOPLIST_FILE = tipCalculatorUITests/Info.plist;
				LD_RUNPATH_SEARCH_PATHS = (
					"$(inherited)",
					"@executable_path/Frameworks",
					"@loader_path/Frameworks",
				);
				PRODUCT_BUNDLE_IDENTIFIER = memo.com.tipCalculatorUITests;
				PRODUCT_NAME = "$(TARGET_NAME)";
				SWIFT_VERSION = 5.0;
				TARGETED_DEVICE_FAMILY = "1,2";
				TEST_TARGET_NAME = tipCalculator;
			};
			name = Debug;
		};
		82EE273325CF58B800515155 /* Release */ = {
			isa = XCBuildConfiguration;
			buildSettings = {
				ALWAYS_EMBED_SWIFT_STANDARD_LIBRARIES = YES;
				CODE_SIGN_STYLE = Automatic;
				INFOPLIST_FILE = tipCalculatorUITests/Info.plist;
				LD_RUNPATH_SEARCH_PATHS = (
					"$(inherited)",
					"@executable_path/Frameworks",
					"@loader_path/Frameworks",
				);
				PRODUCT_BUNDLE_IDENTIFIER = memo.com.tipCalculatorUITests;
				PRODUCT_NAME = "$(TARGET_NAME)";
				SWIFT_VERSION = 5.0;
				TARGETED_DEVICE_FAMILY = "1,2";
				TEST_TARGET_NAME = tipCalculator;
			};
			name = Release;
		};
/* End XCBuildConfiguration section */

/* Begin XCConfigurationList section */
		82EE26FC25CF58B800515155 /* Build configuration list for PBXProject "tipCalculator" */ = {
			isa = XCConfigurationList;
			buildConfigurations = (
				82EE272925CF58B800515155 /* Debug */,
				82EE272A25CF58B800515155 /* Release */,
			);
			defaultConfigurationIsVisible = 0;
			defaultConfigurationName = Release;
		};
		82EE272B25CF58B800515155 /* Build configuration list for PBXNativeTarget "tipCalculator" */ = {
			isa = XCConfigurationList;
			buildConfigurations = (
				82EE272C25CF58B800515155 /* Debug */,
				82EE272D25CF58B800515155 /* Release */,
			);
			defaultConfigurationIsVisible = 0;
			defaultConfigurationName = Release;
		};
		82EE272E25CF58B800515155 /* Build configuration list for PBXNativeTarget "tipCalculatorTests" */ = {
			isa = XCConfigurationList;
			buildConfigurations = (
				82EE272F25CF58B800515155 /* Debug */,
				82EE273025CF58B800515155 /* Release */,
			);
			defaultConfigurationIsVisible = 0;
			defaultConfigurationName = Release;
		};
		82EE273125CF58B800515155 /* Build configuration list for PBXNativeTarget "tipCalculatorUITests" */ = {
			isa = XCConfigurationList;
			buildConfigurations = (
				82EE273225CF58B800515155 /* Debug */,
				82EE273325CF58B800515155 /* Release */,
			);
			defaultConfigurationIsVisible = 0;
			defaultConfigurationName = Release;
		};
/* End XCConfigurationList section */
	};
	rootObject = 82EE26F925CF58B800515155 /* Project object */;
}
